
Microsoft Visual Studio Solution File, Format Version 12.00
# Visual Studio 14
VisualStudioVersion = 14.0.23107.0
MinimumVisualStudioVersion = 10.0.40219.1
Project("{FAE04EC0-301F-11D3-BF4B-00C04F79EFBC}") = "[SSTU]MyPortfolio.UI", "[SSTU]MyPortfolio.UI\[SSTU]MyPortfolio.UI.csproj", "{DB987DEF-2AA9-44C3-9C58-74BE57F861BA}"
EndProject
Project("{2150E333-8FDC-42A3-9474-1A3956D46DE8}") = "UI", "UI", "{A61D6D69-6EA6-4DD4-AD39-29A9AEB14290}"
EndProject
Project("{2150E333-8FDC-42A3-9474-1A3956D46DE8}") = "Entities", "Entities", "{FB9047A7-E6C8-4F47-ADE7-C14071F82600}"
EndProject
Project("{FAE04EC0-301F-11D3-BF4B-00C04F79EFBC}") = "[SSTU]MyPortfolio.Entities", "[SSTU]MyPortfolio.Entities\[SSTU]MyPortfolio.Entities.csproj", "{139185E0-5CE4-4384-9B45-836BFC810C01}"
EndProject
Project("{2150E333-8FDC-42A3-9474-1A3956D46DE8}") = "DAL", "DAL", "{9B8AEE06-9D39-436F-AAAC-E150550F9824}"
EndProject
Project("{2150E333-8FDC-42A3-9474-1A3956D46DE8}") = "BLL", "BLL", "{70F58B6A-C63E-4C46-B830-CDE8DB04A14B}"
EndProject
Project("{2150E333-8FDC-42A3-9474-1A3956D46DE8}") = "Interfaces", "Interfaces", "{36C85C2B-72DC-4506-A4B0-0D1E046FF47E}"
EndProject
Project("{FAE04EC0-301F-11D3-BF4B-00C04F79EFBC}") = "[SSTU]MyPortfolio.DAL.DB", "[SSTU]MyPortfolio.DAL.DB\[SSTU]MyPortfolio.DAL.DB.csproj", "{A543A07D-84B1-41C8-AA5A-BB41CF7EA41D}"
EndProject
Project("{FAE04EC0-301F-11D3-BF4B-00C04F79EFBC}") = "[SSTU]MyPortfolio.Logic", "[SSTU]MyPortfolio.Logic\[SSTU]MyPortfolio.Logic.csproj", "{A7CC0259-6D75-4667-BDCF-F551650578D2}"
EndProject
Project("{FAE04EC0-301F-11D3-BF4B-00C04F79EFBC}") = "[SSTU]MyPortfolio.Interfaces", "[SSTU]MyPortfolio.Interfaces\[SSTU]MyPortfolio.Interfaces.csproj", "{F8F4C800-8EFD-4988-B088-F6DC3758E656}"
EndProject
Project("{FAE04EC0-301F-11D3-BF4B-00C04F79EFBC}") = "WebUI", "WebUI\WebUI.csproj", "{D9FCB8DD-BC3B-43FB-B27F-E543D8D0D022}"
EndProject
Global
	GlobalSection(SolutionConfigurationPlatforms) = preSolution
		Debug|Any CPU = Debug|Any CPU
		Release|Any CPU = Release|Any CPU
	EndGlobalSection
	GlobalSection(ProjectConfigurationPlatforms) = postSolution
		{DB987DEF-2AA9-44C3-9C58-74BE57F861BA}.Debug|Any CPU.ActiveCfg = Debug|Any CPU
		{DB987DEF-2AA9-44C3-9C58-74BE57F861BA}.Debug|Any CPU.Build.0 = Debug|Any CPU
		{DB987DEF-2AA9-44C3-9C58-74BE57F861BA}.Release|Any CPU.ActiveCfg = Release|Any CPU
		{DB987DEF-2AA9-44C3-9C58-74BE57F861BA}.Release|Any CPU.Build.0 = Release|Any CPU
		{139185E0-5CE4-4384-9B45-836BFC810C01}.Debug|Any CPU.ActiveCfg = Debug|Any CPU
		{139185E0-5CE4-4384-9B45-836BFC810C01}.Debug|Any CPU.Build.0 = Debug|Any CPU
		{139185E0-5CE4-4384-9B45-836BFC810C01}.Release|Any CPU.ActiveCfg = Release|Any CPU
		{139185E0-5CE4-4384-9B45-836BFC810C01}.Release|Any CPU.Build.0 = Release|Any CPU
		{A543A07D-84B1-41C8-AA5A-BB41CF7EA41D}.Debug|Any CPU.ActiveCfg = Debug|Any CPU
		{A543A07D-84B1-41C8-AA5A-BB41CF7EA41D}.Debug|Any CPU.Build.0 = Debug|Any CPU
		{A543A07D-84B1-41C8-AA5A-BB41CF7EA41D}.Release|Any CPU.ActiveCfg = Release|Any CPU
		{A543A07D-84B1-41C8-AA5A-BB41CF7EA41D}.Release|Any CPU.Build.0 = Release|Any CPU
		{A7CC0259-6D75-4667-BDCF-F551650578D2}.Debug|Any CPU.ActiveCfg = Debug|Any CPU
		{A7CC0259-6D75-4667-BDCF-F551650578D2}.Debug|Any CPU.Build.0 = Debug|Any CPU
		{A7CC0259-6D75-4667-BDCF-F551650578D2}.Release|Any CPU.ActiveCfg = Release|Any CPU
		{A7CC0259-6D75-4667-BDCF-F551650578D2}.Release|Any CPU.Build.0 = Release|Any CPU
		{F8F4C800-8EFD-4988-B088-F6DC3758E656}.Debug|Any CPU.ActiveCfg = Debug|Any CPU
		{F8F4C800-8EFD-4988-B088-F6DC3758E656}.Debug|Any CPU.Build.0 = Debug|Any CPU
		{F8F4C800-8EFD-4988-B088-F6DC3758E656}.Release|Any CPU.ActiveCfg = Release|Any CPU
		{F8F4C800-8EFD-4988-B088-F6DC3758E656}.Release|Any CPU.Build.0 = Release|Any CPU
		{D9FCB8DD-BC3B-43FB-B27F-E543D8D0D022}.Debug|Any CPU.ActiveCfg = Debug|Any CPU
		{D9FCB8DD-BC3B-43FB-B27F-E543D8D0D022}.Debug|Any CPU.Build.0 = Debug|Any CPU
		{D9FCB8DD-BC3B-43FB-B27F-E543D8D0D022}.Release|Any CPU.ActiveCfg = Release|Any CPU
		{D9FCB8DD-BC3B-43FB-B27F-E543D8D0D022}.Release|Any CPU.Build.0 = Release|Any CPU
	EndGlobalSection
	GlobalSection(SolutionProperties) = preSolution
		HideSolutionNode = FALSE
	EndGlobalSection
	GlobalSection(NestedProjects) = preSolution
		{DB987DEF-2AA9-44C3-9C58-74BE57F861BA} = {A61D6D69-6EA6-4DD4-AD39-29A9AEB14290}
		{139185E0-5CE4-4384-9B45-836BFC810C01} = {FB9047A7-E6C8-4F47-ADE7-C14071F82600}
		{A543A07D-84B1-41C8-AA5A-BB41CF7EA41D} = {9B8AEE06-9D39-436F-AAAC-E150550F9824}
		{A7CC0259-6D75-4667-BDCF-F551650578D2} = {70F58B6A-C63E-4C46-B830-CDE8DB04A14B}
		{F8F4C800-8EFD-4988-B088-F6DC3758E656} = {36C85C2B-72DC-4506-A4B0-0D1E046FF47E}
		{D9FCB8DD-BC3B-43FB-B27F-E543D8D0D022} = {A61D6D69-6EA6-4DD4-AD39-29A9AEB14290}
	EndGlobalSection
EndGlobal
